// !$*UTF8*$!
{
	archiveVersion = 1;
	classes = {
	};
	objectVersion = 50;
	objects = {

/* Begin PBXBuildFile section */
		4D418781265CF4C5001D522D /* AppDelegate.swift in Sources */ = {isa = PBXBuildFile; fileRef = 4D418780265CF4C5001D522D /* AppDelegate.swift */; };
		4D418783265CF4C5001D522D /* SceneDelegate.swift in Sources */ = {isa = PBXBuildFile; fileRef = 4D418782265CF4C5001D522D /* SceneDelegate.swift */; };
		4D418785265CF4C5001D522D /* ViewController.swift in Sources */ = {isa = PBXBuildFile; fileRef = 4D418784265CF4C5001D522D /* ViewController.swift */; };
		4D418788265CF4C6001D522D /* Main.storyboard in Resources */ = {isa = PBXBuildFile; fileRef = 4D418786265CF4C6001D522D /* Main.storyboard */; };
		4D41878B265CF4C6001D522D /* UIKitGuide.xcdatamodeld in Sources */ = {isa = PBXBuildFile; fileRef = 4D418789265CF4C6001D522D /* UIKitGuide.xcdatamodeld */; };
		4D41878D265CF4CC001D522D /* Assets.xcassets in Resources */ = {isa = PBXBuildFile; fileRef = 4D41878C265CF4CC001D522D /* Assets.xcassets */; };
		4D418790265CF4CC001D522D /* LaunchScreen.storyboard in Resources */ = {isa = PBXBuildFile; fileRef = 4D41878E265CF4CC001D522D /* LaunchScreen.storyboard */; };
/* End PBXBuildFile section */

/* Begin PBXFileReference section */
		4D41877D265CF4C5001D522D /* UIKitGuide.app */ = {isa = PBXFileReference; explicitFileType = wrapper.application; includeInIndex = 0; path = UIKitGuide.app; sourceTree = BUILT_PRODUCTS_DIR; };
		4D418780265CF4C5001D522D /* AppDelegate.swift */ = {isa = PBXFileReference; lastKnownFileType = sourcecode.swift; path = AppDelegate.swift; sourceTree = "<group>"; };
		4D418782265CF4C5001D522D /* SceneDelegate.swift */ = {isa = PBXFileReference; lastKnownFileType = sourcecode.swift; path = SceneDelegate.swift; sourceTree = "<group>"; };
		4D418784265CF4C5001D522D /* ViewController.swift */ = {isa = PBXFileReference; lastKnownFileType = sourcecode.swift; path = ViewController.swift; sourceTree = "<group>"; };
		4D418787265CF4C6001D522D /* Base */ = {isa = PBXFileReference; lastKnownFileType = file.storyboard; name = Base; path = Base.lproj/Main.storyboard; sourceTree = "<group>"; };
		4D41878A265CF4C6001D522D /* UIKitGuide.xcdatamodel */ = {isa = PBXFileReference; lastKnownFileType = wrapper.xcdatamodel; path = UIKitGuide.xcdatamodel; sourceTree = "<group>"; };
		4D41878C265CF4CC001D522D /* Assets.xcassets */ = {isa = PBXFileReference; lastKnownFileType = folder.assetcatalog; path = Assets.xcassets; sourceTree = "<group>"; };
		4D41878F265CF4CC001D522D /* Base */ = {isa = PBXFileReference; lastKnownFileType = file.storyboard; name = Base; path = Base.lproj/LaunchScreen.storyboard; sourceTree = "<group>"; };
		4D418791265CF4CC001D522D /* Info.plist */ = {isa = PBXFileReference; lastKnownFileType = text.plist.xml; path = Info.plist; sourceTree = "<group>"; };
/* End PBXFileReference section */

/* Begin PBXFrameworksBuildPhase section */
		4D41877A265CF4C5001D522D /* Frameworks */ = {
			isa = PBXFrameworksBuildPhase;
			buildActionMask = 2147483647;
			files = (
			);
			runOnlyForDeploymentPostprocessing = 0;
		};
/* End PBXFrameworksBuildPhase section */

/* Begin PBXGroup section */
		4D418774265CF4C5001D522D = {
			isa = PBXGroup;
			children = (
				4D41877F265CF4C5001D522D /* UIKitGuide */,
				4D41877E265CF4C5001D522D /* Products */,
			);
			sourceTree = "<group>";
		};
		4D41877E265CF4C5001D522D /* Products */ = {
			isa = PBXGroup;
			children = (
				4D41877D265CF4C5001D522D /* UIKitGuide.app */,
			);
			name = Products;
			sourceTree = "<group>";
		};
		4D41877F265CF4C5001D522D /* UIKitGuide */ = {
			isa = PBXGroup;
			children = (
				4D418780265CF4C5001D522D /* AppDelegate.swift */,
				4D418782265CF4C5001D522D /* SceneDelegate.swift */,
				4D418784265CF4C5001D522D /* ViewController.swift */,
				4D418786265CF4C6001D522D /* Main.storyboard */,
				4D41878C265CF4CC001D522D /* Assets.xcassets */,
				4D41878E265CF4CC001D522D /* LaunchScreen.storyboard */,
				4D418791265CF4CC001D522D /* Info.plist */,
				4D418789265CF4C6001D522D /* UIKitGuide.xcdatamodeld */,
			);
			path = UIKitGuide;
			sourceTree = "<group>";
		};
/* End PBXGroup section */

/* Begin PBXNativeTarget section */
		4D41877C265CF4C5001D522D /* UIKitGuide */ = {
			isa = PBXNativeTarget;
			buildConfigurationList = 4D418794265CF4CC001D522D /* Build configuration list for PBXNativeTarget "UIKitGuide" */;
			buildPhases = (
				4D418779265CF4C5001D522D /* Sources */,
				4D41877A265CF4C5001D522D /* Frameworks */,
				4D41877B265CF4C5001D522D /* Resources */,
			);
			buildRules = (
			);
			dependencies = (
			);
			name = UIKitGuide;
			productName = UIKitGuide;
			productReference = 4D41877D265CF4C5001D522D /* UIKitGuide.app */;
			productType = "com.apple.product-type.application";
		};
/* End PBXNativeTarget section */

/* Begin PBXProject section */
		4D418775265CF4C5001D522D /* Project object */ = {
			isa = PBXProject;
			attributes = {
				LastSwiftUpdateCheck = 1140;
				LastUpgradeCheck = 1140;
				ORGANIZATIONNAME = "Timothy Ercia";
				TargetAttributes = {
					4D41877C265CF4C5001D522D = {
						CreatedOnToolsVersion = 11.4;
					};
				};
			};
			buildConfigurationList = 4D418778265CF4C5001D522D /* Build configuration list for PBXProject "UIKitGuide" */;
			compatibilityVersion = "Xcode 9.3";
			developmentRegion = en;
			hasScannedForEncodings = 0;
			knownRegions = (
				en,
				Base,
			);
			mainGroup = 4D418774265CF4C5001D522D;
			productRefGroup = 4D41877E265CF4C5001D522D /* Products */;
			projectDirPath = "";
			projectRoot = "";
			targets = (
				4D41877C265CF4C5001D522D /* UIKitGuide */,
			);
		};
/* End PBXProject section */

/* Begin PBXResourcesBuildPhase section */
		4D41877B265CF4C5001D522D /* Resources */ = {
			isa = PBXResourcesBuildPhase;
			buildActionMask = 2147483647;
			files = (
				4D418790265CF4CC001D522D /* LaunchScreen.storyboard in Resources */,
				4D41878D265CF4CC001D522D /* Assets.xcassets in Resources */,
				4D418788265CF4C6001D522D /* Main.storyboard in Resources */,
			);
			runOnlyForDeploymentPostprocessing = 0;
		};
/* End PBXResourcesBuildPhase section */

/* Begin PBXSourcesBuildPhase section */
		4D418779265CF4C5001D522D /* Sources */ = {
			isa = PBXSourcesBuildPhase;
			buildActionMask = 2147483647;
			files = (
				4D418785265CF4C5001D522D /* ViewController.swift in Sources */,
				4D418781265CF4C5001D522D /* AppDelegate.swift in Sources */,
				4D418783265CF4C5001D522D /* SceneDelegate.swift in Sources */,
				4D41878B265CF4C6001D522D /* UIKitGuide.xcdatamodeld in Sources */,
			);
			runOnlyForDeploymentPostprocessing = 0;
		};
/* End PBXSourcesBuildPhase section */

/* Begin PBXVariantGroup section */
		4D418786265CF4C6001D522D /* Main.storyboard */ = {
			isa = PBXVariantGroup;
			children = (
				4D418787265CF4C6001D522D /* Base */,
			);
			name = Main.storyboard;
			sourceTree = "<group>";
		};
		4D41878E265CF4CC001D522D /* LaunchScreen.storyboard */ = {
			isa = PBXVariantGroup;
			children = (
				4D41878F265CF4CC001D522D /* Base */,
			);
			name = LaunchScreen.storyboard;
			sourceTree = "<group>";
		};
/* End PBXVariantGroup section */

/* Begin XCBuildConfiguration section */
		4D418792265CF4CC001D522D /* Debug */ = {
			isa = XCBuildConfiguration;
			buildSettings = {
				ALWAYS_SEARCH_USER_PATHS = NO;
				CLANG_ANALYZER_NONNULL = YES;
				CLANG_ANALYZER_NUMBER_OBJECT_CONVERSION = YES_AGGRESSIVE;
				CLANG_CXX_LANGUAGE_STANDARD = "gnu++14";
				CLANG_CXX_LIBRARY = "libc++";
				CLANG_ENABLE_MODULES = YES;
				CLANG_ENABLE_OBJC_ARC = YES;
				CLANG_ENABLE_OBJC_WEAK = YES;
				CLANG_WARN_BLOCK_CAPTURE_AUTORELEASING = YES;
				CLANG_WARN_BOOL_CONVERSION = YES;
				CLANG_WARN_COMMA = YES;
				CLANG_WARN_CONSTANT_CONVERSION = YES;
				CLANG_WARN_DEPRECATED_OBJC_IMPLEMENTATIONS = YES;
				CLANG_WARN_DIRECT_OBJC_ISA_USAGE = YES_ERROR;
				CLANG_WARN_DOCUMENTATION_COMMENTS = YES;
				CLANG_WARN_EMPTY_BODY = YES;
				CLANG_WARN_ENUM_CONVERSION = YES;
				CLANG_WARN_INFINITE_RECURSION = YES;
				CLANG_WARN_INT_CONVERSION = YES;
				CLANG_WARN_NON_LITERAL_NULL_CONVERSION = YES;
				CLANG_WARN_OBJC_IMPLICIT_RETAIN_SELF = YES;
				CLANG_WARN_OBJC_LITERAL_CONVERSION = YES;
				CLANG_WARN_OBJC_ROOT_CLASS = YES_ERROR;
				CLANG_WARN_RANGE_LOOP_ANALYSIS = YES;
				CLANG_WARN_STRICT_PROTOTYPES = YES;
				CLANG_WARN_SUSPICIOUS_MOVE = YES;
				CLANG_WARN_UNGUARDED_AVAILABILITY = YES_AGGRESSIVE;
				CLANG_WARN_UNREACHABLE_CODE = YES;
				CLANG_WARN__DUPLICATE_METHOD_MATCH = YES;
				COPY_PHASE_STRIP = NO;
				DEBUG_INFORMATION_FORMAT = dwarf;
				ENABLE_STRICT_OBJC_MSGSEND = YES;
				ENABLE_TESTABILITY = YES;
				GCC_C_LANGUAGE_STANDARD = gnu11;
				GCC_DYNAMIC_NO_PIC = NO;
				GCC_NO_COMMON_BLOCKS = YES;
				GCC_OPTIMIZATION_LEVEL = 0;
				GCC_PREPROCESSOR_DEFINITIONS = (
					"DEBUG=1",
					"$(inherited)",
				);
				GCC_WARN_64_TO_32_BIT_CONVERSION = YES;
				GCC_WARN_ABOUT_RETURN_TYPE = YES_ERROR;
				GCC_WARN_UNDECLARED_SELECTOR = YES;
				GCC_WARN_UNINITIALIZED_AUTOS = YES_AGGRESSIVE;
				GCC_WARN_UNUSED_FUNCTION = YES;
				GCC_WARN_UNUSED_VARIABLE = YES;
				IPHONEOS_DEPLOYMENT_TARGET = 13.4;
				MTL_ENABLE_DEBUG_INFO = INCLUDE_SOURCE;
				MTL_FAST_MATH = YES;
				ONLY_ACTIVE_ARCH = YES;
				SDKROOT = iphoneos;
				SWIFT_ACTIVE_COMPILATION_CONDITIONS = DEBUG;
				SWIFT_OPTIMIZATION_LEVEL = "-Onone";
			};
			name = Debug;
		};
		4D418793265CF4CC001D522D /* Release */ = {
			isa = XCBuildConfiguration;
			buildSettings = {
				ALWAYS_SEARCH_USER_PATHS = NO;
				CLANG_ANALYZER_NONNULL = YES;
				CLANG_ANALYZER_NUMBER_OBJECT_CONVERSION = YES_AGGRESSIVE;
				CLANG_CXX_LANGUAGE_STANDARD = "gnu++14";
				CLANG_CXX_LIBRARY = "libc++";
				CLANG_ENABLE_MODULES = YES;
				CLANG_ENABLE_OBJC_ARC = YES;
				CLANG_ENABLE_OBJC_WEAK = YES;
				CLANG_WARN_BLOCK_CAPTURE_AUTORELEASING = YES;
				CLANG_WARN_BOOL_CONVERSION = YES;
				CLANG_WARN_COMMA = YES;
				CLANG_WARN_CONSTANT_CONVERSION = YES;
				CLANG_WARN_DEPRECATED_OBJC_IMPLEMENTATIONS = YES;
				CLANG_WARN_DIRECT_OBJC_ISA_USAGE = YES_ERROR;
				CLANG_WARN_DOCUMENTATION_COMMENTS = YES;
				CLANG_WARN_EMPTY_BODY = YES;
				CLANG_WARN_ENUM_CONVERSION = YES;
				CLANG_WARN_INFINITE_RECURSION = YES;
				CLANG_WARN_INT_CONVERSION = YES;
				CLANG_WARN_NON_LITERAL_NULL_CONVERSION = YES;
				CLANG_WARN_OBJC_IMPLICIT_RETAIN_SELF = YES;
				CLANG_WARN_OBJC_LITERAL_CONVERSION = YES;
				CLANG_WARN_OBJC_ROOT_CLASS = YES_ERROR;
				CLANG_WARN_RANGE_LOOP_ANALYSIS = YES;
				CLANG_WARN_STRICT_PROTOTYPES = YES;
				CLANG_WARN_SUSPICIOUS_MOVE = YES;
				CLANG_WARN_UNGUARDED_AVAILABILITY = YES_AGGRESSIVE;
				CLANG_WARN_UNREACHABLE_CODE = YES;
				CLANG_WARN__DUPLICATE_METHOD_MATCH = YES;
				COPY_PHASE_STRIP = NO;
				DEBUG_INFORMATION_FORMAT = "dwarf-with-dsym";
				ENABLE_NS_ASSERTIONS = NO;
				ENABLE_STRICT_OBJC_MSGSEND = YES;
				GCC_C_LANGUAGE_STANDARD = gnu11;
				GCC_NO_COMMON_BLOCKS = YES;
				GCC_WARN_64_TO_32_BIT_CONVERSION = YES;
				GCC_WARN_ABOUT_RETURN_TYPE = YES_ERROR;
				GCC_WARN_UNDECLARED_SELECTOR = YES;
				GCC_WARN_UNINITIALIZED_AUTOS = YES_AGGRESSIVE;
				GCC_WARN_UNUSED_FUNCTION = YES;
				GCC_WARN_UNUSED_VARIABLE = YES;
				IPHONEOS_DEPLOYMENT_TARGET = 13.4;
				MTL_ENABLE_DEBUG_INFO = NO;
				MTL_FAST_MATH = YES;
				SDKROOT = iphoneos;
				SWIFT_COMPILATION_MODE = wholemodule;
				SWIFT_OPTIMIZATION_LEVEL = "-O";
				VALIDATE_PRODUCT = YES;
			};
			name = Release;
		};
		4D418795265CF4CC001D522D /* Debug */ = {
			isa = XCBuildConfiguration;
			buildSettings = {
				ASSETCATALOG_COMPILER_APPICON_NAME = AppIcon;
				CODE_SIGN_STYLE = Automatic;
				DEVELOPMENT_TEAM = 89Y66JC66H;
				INFOPLIST_FILE = UIKitGuide/Info.plist;
				LD_RUNPATH_SEARCH_PATHS = (
					"$(inherited)",
					"@executable_path/Frameworks",
				);
				PRODUCT_BUNDLE_IDENTIFIER = com.tims.UIKitGuide;
				PRODUCT_NAME = "$(TARGET_NAME)";
				SWIFT_VERSION = 5.0;
				TARGETED_DEVICE_FAMILY = "1,2";
			};
			name = Debug;
		};
		4D418796265CF4CC001D522D /* Release */ = {
			isa = XCBuildConfiguration;
			buildSettings = {
				ASSETCATALOG_COMPILER_APPICON_NAME = AppIcon;
				CODE_SIGN_STYLE = Automatic;
				DEVELOPMENT_TEAM = 89Y66JC66H;
				INFOPLIST_FILE = UIKitGuide/Info.plist;
				LD_RUNPATH_SEARCH_PATHS = (
					"$(inherited)",
					"@executable_path/Frameworks",
				);
				PRODUCT_BUNDLE_IDENTIFIER = com.tims.UIKitGuide;
				PRODUCT_NAME = "$(TARGET_NAME)";
				SWIFT_VERSION = 5.0;
				TARGETED_DEVICE_FAMILY = "1,2";
			};
			name = Release;
		};
/* End XCBuildConfiguration section */

/* Begin XCConfigurationList section */
		4D418778265CF4C5001D522D /* Build configuration list for PBXProject "UIKitGuide" */ = {
			isa = XCConfigurationList;
			buildConfigurations = (
				4D418792265CF4CC001D522D /* Debug */,
				4D418793265CF4CC001D522D /* Release */,
			);
			defaultConfigurationIsVisible = 0;
			defaultConfigurationName = Release;
		};
		4D418794265CF4CC001D522D /* Build configuration list for PBXNativeTarget "UIKitGuide" */ = {
			isa = XCConfigurationList;
			buildConfigurations = (
				4D418795265CF4CC001D522D /* Debug */,
				4D418796265CF4CC001D522D /* Release */,
			);
			defaultConfigurationIsVisible = 0;
			defaultConfigurationName = Release;
		};
/* End XCConfigurationList section */

/* Begin XCVersionGroup section */
		4D418789265CF4C6001D522D /* UIKitGuide.xcdatamodeld */ = {
			isa = XCVersionGroup;
			children = (
				4D41878A265CF4C6001D522D /* UIKitGuide.xcdatamodel */,
			);
			currentVersion = 4D41878A265CF4C6001D522D /* UIKitGuide.xcdatamodel */;
			path = UIKitGuide.xcdatamodeld;
			sourceTree = "<group>";
			versionGroupType = wrapper.xcdatamodel;
		};
/* End XCVersionGroup section */
	};
	rootObject = 4D418775265CF4C5001D522D /* Project object */;
}
